PODS:
  - Kiwi (2.4.0)
  - LRTSSQliteManager (0.2.0):
    - WCDB
  - WCDB (1.0.4)

DEPENDENCIES:
  - Kiwi
  - LRTSSQliteManager (from `../`)

EXTERNAL SOURCES:
  LRTSSQliteManager:
    :path: "../"

SPEC CHECKSUMS:
  Kiwi: f49c9d54b28917df5928fe44968a39ed198cb8a8
  LRTSSQliteManager: 86b2427d4b371f93e04d7356ee0f0a37126535cd
  WCDB: 238cc52f3994038f42a66f9a0c23da1dd97399ae

PODFILE CHECKSUM: 7086374b61da8d057317f95f08486c2237610359

COCOAPODS: 1.2.1
