// !$*UTF8*$!
{
	archiveVersion = 1;
	classes = {
	};
	objectVersion = 46;
	objects = {

/* Begin PBXBuildFile section */
		160874E61FBBE83E00F9857F /* LRTSTestViewController.mm in Sources */ = {isa = PBXBuildFile; fileRef = 160874E51FBBE83E00F9857F /* LRTSTestViewController.mm */; };
		16290E1A1FC7C65C00DC4F1E /* LRTSDBOperation.mm in Sources */ = {isa = PBXBuildFile; fileRef = 16290E191FC7C65C00DC4F1E /* LRTSDBOperation.mm */; };
		16290E1E1FC7C70800DC4F1E /* LRTSDBInsertOrReplaceOperation.mm in Sources */ = {isa = PBXBuildFile; fileRef = 16290E1D1FC7C70800DC4F1E /* LRTSDBInsertOrReplaceOperation.mm */; };
		16290E211FC7C71C00DC4F1E /* LRTSDeleteOperation.mm in Sources */ = {isa = PBXBuildFile; fileRef = 16290E201FC7C71C00DC4F1E /* LRTSDeleteOperation.mm */; };
		16290E241FC7C73100DC4F1E /* LRTSSelectOperation.mm in Sources */ = {isa = PBXBuildFile; fileRef = 16290E231FC7C73100DC4F1E /* LRTSSelectOperation.mm */; };
		167136531FBD70D20035A0A1 /* LRTSSQliteManager.framework in Frameworks */ = {isa = PBXBuildFile; fileRef = 167136541FBD70D20035A0A1 /* LRTSSQliteManager.framework */; };
		167F69701FC0281C00D04D46 /* LRTSBookDetailViewController.m in Sources */ = {isa = PBXBuildFile; fileRef = 167F696F1FC0281C00D04D46 /* LRTSBookDetailViewController.m */; };
		1683146B1FB143B500462AC3 /* LRTSAppDelegate.mm in Sources */ = {isa = PBXBuildFile; fileRef = 6003F59D195388D20070C39A /* LRTSAppDelegate.mm */; };
		1683146C1FB143B500462AC3 /* LRTSViewController.mm in Sources */ = {isa = PBXBuildFile; fileRef = 6003F5A6195388D20070C39A /* LRTSViewController.mm */; };
		1683146D1FB143B500462AC3 /* main.m in Sources */ = {isa = PBXBuildFile; fileRef = 6003F599195388D20070C39A /* main.m */; };
		1683146E1FB143B500462AC3 /* Tests.m in Sources */ = {isa = PBXBuildFile; fileRef = 6003F5BB195388D20070C39A /* Tests.m */; };
		1683146F1FB145DD00462AC3 /* BookDetail.mm in Sources */ = {isa = PBXBuildFile; fileRef = 1696D69D1FA9C6890020D43F /* BookDetail.mm */; };
		168BA7381FB9936000B18E5D /* Book.mm in Sources */ = {isa = PBXBuildFile; fileRef = 168BA7371FB9936000B18E5D /* Book.mm */; };
		16E7DB221FC66F6A00ADC288 /* LRTSDBMaker.m in Sources */ = {isa = PBXBuildFile; fileRef = 16E7DB211FC66F6A00ADC288 /* LRTSDBMaker.m */; };
		16E7DB361FC6AD5F00ADC288 /* LRTSDBManager.mm in Sources */ = {isa = PBXBuildFile; fileRef = 16E7DB351FC6AD5F00ADC288 /* LRTSDBManager.mm */; };
		184583C8960C6E75012533A4 /* Pods_LRTSSQliteManager_Example.framework in Frameworks */ = {isa = PBXBuildFile; fileRef = 63A00FBAA6C25EEEE6FB812F /* Pods_LRTSSQliteManager_Example.framework */; };
		6003F58E195388D20070C39A /* Foundation.framework in Frameworks */ = {isa = PBXBuildFile; fileRef = 6003F58D195388D20070C39A /* Foundation.framework */; };
		6003F590195388D20070C39A /* CoreGraphics.framework in Frameworks */ = {isa = PBXBuildFile; fileRef = 6003F58F195388D20070C39A /* CoreGraphics.framework */; };
		6003F592195388D20070C39A /* UIKit.framework in Frameworks */ = {isa = PBXBuildFile; fileRef = 6003F591195388D20070C39A /* UIKit.framework */; };
		6003F598195388D20070C39A /* InfoPlist.strings in Resources */ = {isa = PBXBuildFile; fileRef = 6003F596195388D20070C39A /* InfoPlist.strings */; };
		6003F5A9195388D20070C39A /* Images.xcassets in Resources */ = {isa = PBXBuildFile; fileRef = 6003F5A8195388D20070C39A /* Images.xcassets */; };
		6003F5B0195388D20070C39A /* XCTest.framework in Frameworks */ = {isa = PBXBuildFile; fileRef = 6003F5AF195388D20070C39A /* XCTest.framework */; };
		6003F5B1195388D20070C39A /* Foundation.framework in Frameworks */ = {isa = PBXBuildFile; fileRef = 6003F58D195388D20070C39A /* Foundation.framework */; };
		6003F5B2195388D20070C39A /* UIKit.framework in Frameworks */ = {isa = PBXBuildFile; fileRef = 6003F591195388D20070C39A /* UIKit.framework */; };
		6003F5BA195388D20070C39A /* InfoPlist.strings in Resources */ = {isa = PBXBuildFile; fileRef = 6003F5B8195388D20070C39A /* InfoPlist.strings */; };
		6003F5BC195388D20070C39A /* Tests.m in Sources */ = {isa = PBXBuildFile; fileRef = 6003F5BB195388D20070C39A /* Tests.m */; };
		71719F9F1E33DC2100824A3D /* LaunchScreen.storyboard in Resources */ = {isa = PBXBuildFile; fileRef = 71719F9D1E33DC2100824A3D /* LaunchScreen.storyboard */; };
		873B8AEB1B1F5CCA007FD442 /* Main.storyboard in Resources */ = {isa = PBXBuildFile; fileRef = 873B8AEA1B1F5CCA007FD442 /* Main.storyboard */; };
		FD9BE9AF7AE0E59D3FEB11E0 /* Pods_LRTSSQliteManager_Tests.framework in Frameworks */ = {isa = PBXBuildFile; fileRef = C790DD5F95E3922F7B9495C0 /* Pods_LRTSSQliteManager_Tests.framework */; };
/* End PBXBuildFile section */

/* Begin PBXContainerItemProxy section */
		6003F5B3195388D20070C39A /* PBXContainerItemProxy */ = {
			isa = PBXContainerItemProxy;
			containerPortal = 6003F582195388D10070C39A /* Project object */;
			proxyType = 1;
			remoteGlobalIDString = 6003F589195388D20070C39A;
			remoteInfo = LRTSSQliteManager;
		};
/* End PBXContainerItemProxy section */

/* Begin PBXFileReference section */
		027FB7856D09E42E78AF2047 /* Pods-LRTSSQliteManager_Example.debug.xcconfig */ = {isa = PBXFileReference; includeInIndex = 1; lastKnownFileType = text.xcconfig; name = "Pods-LRTSSQliteManager_Example.debug.xcconfig"; path = "Pods/Target Support Files/Pods-LRTSSQliteManager_Example/Pods-LRTSSQliteManager_Example.debug.xcconfig"; sourceTree = "<group>"; };
		08FCADABC0B3EB1CC07F5F28 /* Pods-LRTSSQliteManager_Tests.release.xcconfig */ = {isa = PBXFileReference; includeInIndex = 1; lastKnownFileType = text.xcconfig; name = "Pods-LRTSSQliteManager_Tests.release.xcconfig"; path = "Pods/Target Support Files/Pods-LRTSSQliteManager_Tests/Pods-LRTSSQliteManager_Tests.release.xcconfig"; sourceTree = "<group>"; };
		160874E41FBBE83E00F9857F /* LRTSTestViewController.h */ = {isa = PBXFileReference; lastKnownFileType = sourcecode.c.h; path = LRTSTestViewController.h; sourceTree = "<group>"; };
		160874E51FBBE83E00F9857F /* LRTSTestViewController.mm */ = {isa = PBXFileReference; lastKnownFileType = sourcecode.cpp.objcpp; path = LRTSTestViewController.mm; sourceTree = "<group>"; };
		16290E181FC7C65C00DC4F1E /* LRTSDBOperation.h */ = {isa = PBXFileReference; lastKnownFileType = sourcecode.c.h; path = LRTSDBOperation.h; sourceTree = "<group>"; };
		16290E191FC7C65C00DC4F1E /* LRTSDBOperation.mm */ = {isa = PBXFileReference; lastKnownFileType = sourcecode.cpp.objcpp; path = LRTSDBOperation.mm; sourceTree = "<group>"; };
		16290E1C1FC7C70800DC4F1E /* LRTSDBInsertOrReplaceOperation.h */ = {isa = PBXFileReference; lastKnownFileType = sourcecode.c.h; path = LRTSDBInsertOrReplaceOperation.h; sourceTree = "<group>"; };
		16290E1D1FC7C70800DC4F1E /* LRTSDBInsertOrReplaceOperation.mm */ = {isa = PBXFileReference; lastKnownFileType = sourcecode.cpp.objcpp; path = LRTSDBInsertOrReplaceOperation.mm; sourceTree = "<group>"; };
		16290E1F1FC7C71C00DC4F1E /* LRTSDeleteOperation.h */ = {isa = PBXFileReference; lastKnownFileType = sourcecode.c.h; path = LRTSDeleteOperation.h; sourceTree = "<group>"; };
		16290E201FC7C71C00DC4F1E /* LRTSDeleteOperation.mm */ = {isa = PBXFileReference; lastKnownFileType = sourcecode.cpp.objcpp; path = LRTSDeleteOperation.mm; sourceTree = "<group>"; };
		16290E221FC7C73100DC4F1E /* LRTSSelectOperation.h */ = {isa = PBXFileReference; lastKnownFileType = sourcecode.c.h; path = LRTSSelectOperation.h; sourceTree = "<group>"; };
		16290E231FC7C73100DC4F1E /* LRTSSelectOperation.mm */ = {isa = PBXFileReference; lastKnownFileType = sourcecode.cpp.objcpp; path = LRTSSelectOperation.mm; sourceTree = "<group>"; };
		16290E251FC7DEC200DC4F1E /* Book+WCTTableCoding.h */ = {isa = PBXFileReference; lastKnownFileType = sourcecode.c.h; path = "Book+WCTTableCoding.h"; sourceTree = "<group>"; };
		16290E261FC7FB2A00DC4F1E /* LRTSRanksList.h */ = {isa = PBXFileReference; lastKnownFileType = sourcecode.c.h; path = LRTSRanksList.h; sourceTree = "<group>"; };
		16290E271FC7FB2A00DC4F1E /* LRTSRanksList.m */ = {isa = PBXFileReference; lastKnownFileType = sourcecode.c.objc; path = LRTSRanksList.m; sourceTree = "<group>"; };
		167136541FBD70D20035A0A1 /* LRTSSQliteManager.framework */ = {isa = PBXFileReference; explicitFileType = wrapper.framework; path = LRTSSQliteManager.framework; sourceTree = BUILT_PRODUCTS_DIR; };
		167F696E1FC0281C00D04D46 /* LRTSBookDetailViewController.h */ = {isa = PBXFileReference; lastKnownFileType = sourcecode.c.h; path = LRTSBookDetailViewController.h; sourceTree = "<group>"; };
		167F696F1FC0281C00D04D46 /* LRTSBookDetailViewController.m */ = {isa = PBXFileReference; lastKnownFileType = sourcecode.c.objc; path = LRTSBookDetailViewController.m; sourceTree = "<group>"; };
		168BA7361FB9936000B18E5D /* Book.h */ = {isa = PBXFileReference; lastKnownFileType = sourcecode.c.h; path = Book.h; sourceTree = "<group>"; };
		168BA7371FB9936000B18E5D /* Book.mm */ = {isa = PBXFileReference; lastKnownFileType = sourcecode.cpp.objcpp; path = Book.mm; sourceTree = "<group>"; };
		1696D69C1FA9C6890020D43F /* BookDetail.h */ = {isa = PBXFileReference; fileEncoding = 4; lastKnownFileType = sourcecode.c.h; path = BookDetail.h; sourceTree = "<group>"; };
		1696D69D1FA9C6890020D43F /* BookDetail.mm */ = {isa = PBXFileReference; fileEncoding = 4; lastKnownFileType = sourcecode.cpp.objcpp; path = BookDetail.mm; sourceTree = "<group>"; };
		1696D69F1FA9C6890020D43F /* BookDetail+WCTTableCoding.h */ = {isa = PBXFileReference; fileEncoding = 4; lastKnownFileType = sourcecode.c.h; path = "BookDetail+WCTTableCoding.h"; sourceTree = "<group>"; };
		16E7DB201FC66F6A00ADC288 /* LRTSDBMaker.h */ = {isa = PBXFileReference; lastKnownFileType = sourcecode.c.h; path = LRTSDBMaker.h; sourceTree = "<group>"; };
		16E7DB211FC66F6A00ADC288 /* LRTSDBMaker.m */ = {isa = PBXFileReference; lastKnownFileType = sourcecode.c.objc; path = LRTSDBMaker.m; sourceTree = "<group>"; };
		16E7DB341FC6AD5F00ADC288 /* LRTSDBManager.h */ = {isa = PBXFileReference; lastKnownFileType = sourcecode.c.h; path = LRTSDBManager.h; sourceTree = "<group>"; };
		16E7DB351FC6AD5F00ADC288 /* LRTSDBManager.mm */ = {isa = PBXFileReference; lastKnownFileType = sourcecode.cpp.objcpp; path = LRTSDBManager.mm; sourceTree = "<group>"; };
		1D7A42E7E0F84CA9DD5EE498 /* LRTSSQliteManager.podspec */ = {isa = PBXFileReference; includeInIndex = 1; lastKnownFileType = text; name = LRTSSQliteManager.podspec; path = ../LRTSSQliteManager.podspec; sourceTree = "<group>"; };
		6003F58A195388D20070C39A /* LRTSSQliteManager_Example.app */ = {isa = PBXFileReference; explicitFileType = wrapper.application; includeInIndex = 0; path = LRTSSQliteManager_Example.app; sourceTree = BUILT_PRODUCTS_DIR; };
		6003F58D195388D20070C39A /* Foundation.framework */ = {isa = PBXFileReference; lastKnownFileType = wrapper.framework; name = Foundation.framework; path = System/Library/Frameworks/Foundation.framework; sourceTree = SDKROOT; };
		6003F58F195388D20070C39A /* CoreGraphics.framework */ = {isa = PBXFileReference; lastKnownFileType = wrapper.framework; name = CoreGraphics.framework; path = System/Library/Frameworks/CoreGraphics.framework; sourceTree = SDKROOT; };
		6003F591195388D20070C39A /* UIKit.framework */ = {isa = PBXFileReference; lastKnownFileType = wrapper.framework; name = UIKit.framework; path = System/Library/Frameworks/UIKit.framework; sourceTree = SDKROOT; };
		6003F595195388D20070C39A /* LRTSSQliteManager-Info.plist */ = {isa = PBXFileReference; lastKnownFileType = text.plist.xml; path = "LRTSSQliteManager-Info.plist"; sourceTree = "<group>"; };
		6003F597195388D20070C39A /* en */ = {isa = PBXFileReference; lastKnownFileType = text.plist.strings; name = en; path = en.lproj/InfoPlist.strings; sourceTree = "<group>"; };
		6003F599195388D20070C39A /* main.m */ = {isa = PBXFileReference; lastKnownFileType = sourcecode.c.objc; path = main.m; sourceTree = "<group>"; };
		6003F59B195388D20070C39A /* LRTSSQliteManager-Prefix.pch */ = {isa = PBXFileReference; lastKnownFileType = sourcecode.c.h; path = "LRTSSQliteManager-Prefix.pch"; sourceTree = "<group>"; };
		6003F59C195388D20070C39A /* LRTSAppDelegate.h */ = {isa = PBXFileReference; lastKnownFileType = sourcecode.c.h; path = LRTSAppDelegate.h; sourceTree = "<group>"; };
		6003F59D195388D20070C39A /* LRTSAppDelegate.mm */ = {isa = PBXFileReference; lastKnownFileType = sourcecode.cpp.objcpp; path = LRTSAppDelegate.mm; sourceTree = "<group>"; };
		6003F5A5195388D20070C39A /* LRTSViewController.h */ = {isa = PBXFileReference; lastKnownFileType = sourcecode.c.h; path = LRTSViewController.h; sourceTree = "<group>"; };
		6003F5A6195388D20070C39A /* LRTSViewController.mm */ = {isa = PBXFileReference; lastKnownFileType = sourcecode.cpp.objcpp; path = LRTSViewController.mm; sourceTree = "<group>"; };
		6003F5A8195388D20070C39A /* Images.xcassets */ = {isa = PBXFileReference; lastKnownFileType = folder.assetcatalog; path = Images.xcassets; sourceTree = "<group>"; };
		6003F5AE195388D20070C39A /* LRTSSQliteManager_Tests.xctest */ = {isa = PBXFileReference; explicitFileType = wrapper.cfbundle; includeInIndex = 0; path = LRTSSQliteManager_Tests.xctest; sourceTree = BUILT_PRODUCTS_DIR; };
		6003F5AF195388D20070C39A /* XCTest.framework */ = {isa = PBXFileReference; lastKnownFileType = wrapper.framework; name = XCTest.framework; path = Library/Frameworks/XCTest.framework; sourceTree = DEVELOPER_DIR; };
		6003F5B7195388D20070C39A /* Tests-Info.plist */ = {isa = PBXFileReference; lastKnownFileType = text.plist.xml; path = "Tests-Info.plist"; sourceTree = "<group>"; };
		6003F5B9195388D20070C39A /* en */ = {isa = PBXFileReference; lastKnownFileType = text.plist.strings; name = en; path = en.lproj/InfoPlist.strings; sourceTree = "<group>"; };
		6003F5BB195388D20070C39A /* Tests.m */ = {isa = PBXFileReference; lastKnownFileType = sourcecode.c.objc; path = Tests.m; sourceTree = "<group>"; };
		606FC2411953D9B200FFA9A0 /* Tests-Prefix.pch */ = {isa = PBXFileReference; lastKnownFileType = sourcecode.c.h; path = "Tests-Prefix.pch"; sourceTree = "<group>"; };
		63A00FBAA6C25EEEE6FB812F /* Pods_LRTSSQliteManager_Example.framework */ = {isa = PBXFileReference; explicitFileType = wrapper.framework; includeInIndex = 0; path = Pods_LRTSSQliteManager_Example.framework; sourceTree = BUILT_PRODUCTS_DIR; };
		63D116F0C4B18D764005D93F /* Pods-LRTSSQliteManager_Example.release.xcconfig */ = {isa = PBXFileReference; includeInIndex = 1; lastKnownFileType = text.xcconfig; name = "Pods-LRTSSQliteManager_Example.release.xcconfig"; path = "Pods/Target Support Files/Pods-LRTSSQliteManager_Example/Pods-LRTSSQliteManager_Example.release.xcconfig"; sourceTree = "<group>"; };
		70D415EE8644EF241932283E /* README.md */ = {isa = PBXFileReference; includeInIndex = 1; lastKnownFileType = net.daringfireball.markdown; name = README.md; path = ../README.md; sourceTree = "<group>"; };
		71719F9E1E33DC2100824A3D /* Base */ = {isa = PBXFileReference; lastKnownFileType = file.storyboard; name = Base; path = Base.lproj/LaunchScreen.storyboard; sourceTree = "<group>"; };
		873B8AEA1B1F5CCA007FD442 /* Main.storyboard */ = {isa = PBXFileReference; fileEncoding = 4; lastKnownFileType = file.storyboard; name = Main.storyboard; path = Base.lproj/Main.storyboard; sourceTree = "<group>"; };
		B7D894CD6725764CA376693B /* LICENSE */ = {isa = PBXFileReference; includeInIndex = 1; lastKnownFileType = text; name = LICENSE; path = ../LICENSE; sourceTree = "<group>"; };
		C790DD5F95E3922F7B9495C0 /* Pods_LRTSSQliteManager_Tests.framework */ = {isa = PBXFileReference; explicitFileType = wrapper.framework; includeInIndex = 0; path = Pods_LRTSSQliteManager_Tests.framework; sourceTree = BUILT_PRODUCTS_DIR; };
		D6BAD8A2EC5CE3A913ED85A4 /* Pods-LRTSSQliteManager_Tests.debug.xcconfig */ = {isa = PBXFileReference; includeInIndex = 1; lastKnownFileType = text.xcconfig; name = "Pods-LRTSSQliteManager_Tests.debug.xcconfig"; path = "Pods/Target Support Files/Pods-LRTSSQliteManager_Tests/Pods-LRTSSQliteManager_Tests.debug.xcconfig"; sourceTree = "<group>"; };
/* End PBXFileReference section */

/* Begin PBXFrameworksBuildPhase section */
		6003F587195388D20070C39A /* Frameworks */ = {
			isa = PBXFrameworksBuildPhase;
			buildActionMask = 2147483647;
			files = (
				167136531FBD70D20035A0A1 /* LRTSSQliteManager.framework in Frameworks */,
				6003F590195388D20070C39A /* CoreGraphics.framework in Frameworks */,
				6003F592195388D20070C39A /* UIKit.framework in Frameworks */,
				6003F58E195388D20070C39A /* Foundation.framework in Frameworks */,
				184583C8960C6E75012533A4 /* Pods_LRTSSQliteManager_Example.framework in Frameworks */,
			);
			runOnlyForDeploymentPostprocessing = 0;
		};
		6003F5AB195388D20070C39A /* Frameworks */ = {
			isa = PBXFrameworksBuildPhase;
			buildActionMask = 2147483647;
			files = (
				6003F5B0195388D20070C39A /* XCTest.framework in Frameworks */,
				6003F5B2195388D20070C39A /* UIKit.framework in Frameworks */,
				6003F5B1195388D20070C39A /* Foundation.framework in Frameworks */,
				FD9BE9AF7AE0E59D3FEB11E0 /* Pods_LRTSSQliteManager_Tests.framework in Frameworks */,
			);
			runOnlyForDeploymentPostprocessing = 0;
		};
/* End PBXFrameworksBuildPhase section */

/* Begin PBXGroup section */
		160874E31FBBE80900F9857F /* TestViewController */ = {
			isa = PBXGroup;
			children = (
				160874E41FBBE83E00F9857F /* LRTSTestViewController.h */,
				160874E51FBBE83E00F9857F /* LRTSTestViewController.mm */,
			);
			name = TestViewController;
			sourceTree = "<group>";
		};
		16290E1B1FC7C69900DC4F1E /* ConcreteOperation */ = {
			isa = PBXGroup;
			children = (
				16290E1C1FC7C70800DC4F1E /* LRTSDBInsertOrReplaceOperation.h */,
				16290E1D1FC7C70800DC4F1E /* LRTSDBInsertOrReplaceOperation.mm */,
				16290E1F1FC7C71C00DC4F1E /* LRTSDeleteOperation.h */,
				16290E201FC7C71C00DC4F1E /* LRTSDeleteOperation.mm */,
				16290E221FC7C73100DC4F1E /* LRTSSelectOperation.h */,
				16290E231FC7C73100DC4F1E /* LRTSSelectOperation.mm */,
			);
			name = ConcreteOperation;
			sourceTree = "<group>";
		};
		16290E281FC7FB2A00DC4F1E /* DBMutilTableMaker */ = {
			isa = PBXGroup;
			children = (
				16290E261FC7FB2A00DC4F1E /* LRTSRanksList.h */,
				16290E271FC7FB2A00DC4F1E /* LRTSRanksList.m */,
			);
			path = DBMutilTableMaker;
			sourceTree = "<group>";
		};
		167F696D1FC027B000D04D46 /* BookDetailTest */ = {
			isa = PBXGroup;
			children = (
				167F696E1FC0281C00D04D46 /* LRTSBookDetailViewController.h */,
				167F696F1FC0281C00D04D46 /* LRTSBookDetailViewController.m */,
			);
			name = BookDetailTest;
			sourceTree = "<group>";
		};
		1696D69B1FA9C63B0020D43F /* Book */ = {
			isa = PBXGroup;
			children = (
				1696D69C1FA9C6890020D43F /* BookDetail.h */,
				1696D69D1FA9C6890020D43F /* BookDetail.mm */,
				1696D69F1FA9C6890020D43F /* BookDetail+WCTTableCoding.h */,
				168BA7361FB9936000B18E5D /* Book.h */,
				168BA7371FB9936000B18E5D /* Book.mm */,
				16290E251FC7DEC200DC4F1E /* Book+WCTTableCoding.h */,
			);
			name = Book;
			sourceTree = "<group>";
		};
		16E7DB1F1FC66F4A00ADC288 /* TestMaker */ = {
			isa = PBXGroup;
			children = (
				16E7DB201FC66F6A00ADC288 /* LRTSDBMaker.h */,
				16E7DB211FC66F6A00ADC288 /* LRTSDBMaker.m */,
				16E7DB341FC6AD5F00ADC288 /* LRTSDBManager.h */,
				16E7DB351FC6AD5F00ADC288 /* LRTSDBManager.mm */,
				16290E1B1FC7C69900DC4F1E /* ConcreteOperation */,
			);
			name = TestMaker;
			sourceTree = "<group>";
		};
		16FE3CC71FC7C17200581A3F /* ModelOperation */ = {
			isa = PBXGroup;
			children = (
				16290E181FC7C65C00DC4F1E /* LRTSDBOperation.h */,
				16290E191FC7C65C00DC4F1E /* LRTSDBOperation.mm */,
			);
			name = ModelOperation;
			sourceTree = "<group>";
		};
		6003F581195388D10070C39A = {
			isa = PBXGroup;
			children = (
				60FF7A9C1954A5C5007DD14C /* Podspec Metadata */,
				6003F593195388D20070C39A /* Example for LRTSSQliteManager */,
				6003F5B5195388D20070C39A /* Tests */,
				6003F58C195388D20070C39A /* Frameworks */,
				6003F58B195388D20070C39A /* Products */,
				8F39923AB8501AAE4235AF4F /* Pods */,
			);
			sourceTree = "<group>";
		};
		6003F58B195388D20070C39A /* Products */ = {
			isa = PBXGroup;
			children = (
				6003F58A195388D20070C39A /* LRTSSQliteManager_Example.app */,
				6003F5AE195388D20070C39A /* LRTSSQliteManager_Tests.xctest */,
			);
			name = Products;
			sourceTree = "<group>";
		};
		6003F58C195388D20070C39A /* Frameworks */ = {
			isa = PBXGroup;
			children = (
				167136541FBD70D20035A0A1 /* LRTSSQliteManager.framework */,
				6003F58D195388D20070C39A /* Foundation.framework */,
				6003F58F195388D20070C39A /* CoreGraphics.framework */,
				6003F591195388D20070C39A /* UIKit.framework */,
				6003F5AF195388D20070C39A /* XCTest.framework */,
				63A00FBAA6C25EEEE6FB812F /* Pods_LRTSSQliteManager_Example.framework */,
				C790DD5F95E3922F7B9495C0 /* Pods_LRTSSQliteManager_Tests.framework */,
			);
			name = Frameworks;
			sourceTree = "<group>";
		};
		6003F593195388D20070C39A /* Example for LRTSSQliteManager */ = {
			isa = PBXGroup;
			children = (
				1696D69B1FA9C63B0020D43F /* Book */,
				16290E281FC7FB2A00DC4F1E /* DBMutilTableMaker */,
				16FE3CC71FC7C17200581A3F /* ModelOperation */,
				16E7DB1F1FC66F4A00ADC288 /* TestMaker */,
				167F696D1FC027B000D04D46 /* BookDetailTest */,
				160874E31FBBE80900F9857F /* TestViewController */,
				6003F59C195388D20070C39A /* LRTSAppDelegate.h */,
				6003F59D195388D20070C39A /* LRTSAppDelegate.mm */,
				873B8AEA1B1F5CCA007FD442 /* Main.storyboard */,
				6003F5A5195388D20070C39A /* LRTSViewController.h */,
				6003F5A6195388D20070C39A /* LRTSViewController.mm */,
				71719F9D1E33DC2100824A3D /* LaunchScreen.storyboard */,
				6003F5A8195388D20070C39A /* Images.xcassets */,
				6003F594195388D20070C39A /* Supporting Files */,
			);
			name = "Example for LRTSSQliteManager";
			path = LRTSSQliteManager;
			sourceTree = "<group>";
		};
		6003F594195388D20070C39A /* Supporting Files */ = {
			isa = PBXGroup;
			children = (
				6003F595195388D20070C39A /* LRTSSQliteManager-Info.plist */,
				6003F596195388D20070C39A /* InfoPlist.strings */,
				6003F599195388D20070C39A /* main.m */,
				6003F59B195388D20070C39A /* LRTSSQliteManager-Prefix.pch */,
			);
			name = "Supporting Files";
			sourceTree = "<group>";
		};
		6003F5B5195388D20070C39A /* Tests */ = {
			isa = PBXGroup;
			children = (
				6003F5BB195388D20070C39A /* Tests.m */,
				6003F5B6195388D20070C39A /* Supporting Files */,
			);
			path = Tests;
			sourceTree = "<group>";
		};
		6003F5B6195388D20070C39A /* Supporting Files */ = {
			isa = PBXGroup;
			children = (
				6003F5B7195388D20070C39A /* Tests-Info.plist */,
				6003F5B8195388D20070C39A /* InfoPlist.strings */,
				606FC2411953D9B200FFA9A0 /* Tests-Prefix.pch */,
			);
			name = "Supporting Files";
			sourceTree = "<group>";
		};
		60FF7A9C1954A5C5007DD14C /* Podspec Metadata */ = {
			isa = PBXGroup;
			children = (
				1D7A42E7E0F84CA9DD5EE498 /* LRTSSQliteManager.podspec */,
				70D415EE8644EF241932283E /* README.md */,
				B7D894CD6725764CA376693B /* LICENSE */,
			);
			name = "Podspec Metadata";
			sourceTree = "<group>";
		};
		8F39923AB8501AAE4235AF4F /* Pods */ = {
			isa = PBXGroup;
			children = (
				027FB7856D09E42E78AF2047 /* Pods-LRTSSQliteManager_Example.debug.xcconfig */,
				63D116F0C4B18D764005D93F /* Pods-LRTSSQliteManager_Example.release.xcconfig */,
				D6BAD8A2EC5CE3A913ED85A4 /* Pods-LRTSSQliteManager_Tests.debug.xcconfig */,
				08FCADABC0B3EB1CC07F5F28 /* Pods-LRTSSQliteManager_Tests.release.xcconfig */,
			);
			name = Pods;
			sourceTree = "<group>";
		};
/* End PBXGroup section */

/* Begin PBXNativeTarget section */
		6003F589195388D20070C39A /* LRTSSQliteManager_Example */ = {
			isa = PBXNativeTarget;
			buildConfigurationList = 6003F5BF195388D20070C39A /* Build configuration list for PBXNativeTarget "LRTSSQliteManager_Example" */;
			buildPhases = (
				70B228E58D2F1A234CD7EE85 /* [CP] Check Pods Manifest.lock */,
				6003F586195388D20070C39A /* Sources */,
				6003F587195388D20070C39A /* Frameworks */,
				6003F588195388D20070C39A /* Resources */,
				784F8A88FF6D0468A845F2B0 /* [CP] Embed Pods Frameworks */,
				C8031ED9179836675B720625 /* [CP] Copy Pods Resources */,
			);
			buildRules = (
			);
			dependencies = (
			);
			name = LRTSSQliteManager_Example;
			productName = LRTSSQliteManager;
			productReference = 6003F58A195388D20070C39A /* LRTSSQliteManager_Example.app */;
			productType = "com.apple.product-type.application";
		};
		6003F5AD195388D20070C39A /* LRTSSQliteManager_Tests */ = {
			isa = PBXNativeTarget;
			buildConfigurationList = 6003F5C2195388D20070C39A /* Build configuration list for PBXNativeTarget "LRTSSQliteManager_Tests" */;
			buildPhases = (
				034163BA91A5AA2E3A95D38C /* [CP] Check Pods Manifest.lock */,
				6003F5AA195388D20070C39A /* Sources */,
				6003F5AB195388D20070C39A /* Frameworks */,
				6003F5AC195388D20070C39A /* Resources */,
				493D0CF97B6A148D2803BDB5 /* [CP] Embed Pods Frameworks */,
				2CBA7C734E95F9B91014E808 /* [CP] Copy Pods Resources */,
			);
			buildRules = (
			);
			dependencies = (
				6003F5B4195388D20070C39A /* PBXTargetDependency */,
			);
			name = LRTSSQliteManager_Tests;
			productName = LRTSSQliteManagerTests;
			productReference = 6003F5AE195388D20070C39A /* LRTSSQliteManager_Tests.xctest */;
			productType = "com.apple.product-type.bundle.unit-test";
		};
/* End PBXNativeTarget section */

/* Begin PBXProject section */
		6003F582195388D10070C39A /* Project object */ = {
			isa = PBXProject;
			attributes = {
				CLASSPREFIX = LRTS;
				LastUpgradeCheck = 0720;
				ORGANIZATIONNAME = boilwater;
				TargetAttributes = {
					6003F589195388D20070C39A = {
						DevelopmentTeam = X6A5MJ79T7;
						ProvisioningStyle = Automatic;
					};
					6003F5AD195388D20070C39A = {
						TestTargetID = 6003F589195388D20070C39A;
					};
				};
			};
			buildConfigurationList = 6003F585195388D10070C39A /* Build configuration list for PBXProject "LRTSSQliteManager" */;
			compatibilityVersion = "Xcode 3.2";
			developmentRegion = English;
			hasScannedForEncodings = 0;
			knownRegions = (
				en,
				Base,
			);
			mainGroup = 6003F581195388D10070C39A;
			productRefGroup = 6003F58B195388D20070C39A /* Products */;
			projectDirPath = "";
			projectRoot = "";
			targets = (
				6003F589195388D20070C39A /* LRTSSQliteManager_Example */,
				6003F5AD195388D20070C39A /* LRTSSQliteManager_Tests */,
			);
		};
/* End PBXProject section */

/* Begin PBXResourcesBuildPhase section */
		6003F588195388D20070C39A /* Resources */ = {
			isa = PBXResourcesBuildPhase;
			buildActionMask = 2147483647;
			files = (
				873B8AEB1B1F5CCA007FD442 /* Main.storyboard in Resources */,
				71719F9F1E33DC2100824A3D /* LaunchScreen.storyboard in Resources */,
				6003F5A9195388D20070C39A /* Images.xcassets in Resources */,
				6003F598195388D20070C39A /* InfoPlist.strings in Resources */,
			);
			runOnlyForDeploymentPostprocessing = 0;
		};
		6003F5AC195388D20070C39A /* Resources */ = {
			isa = PBXResourcesBuildPhase;
			buildActionMask = 2147483647;
			files = (
				6003F5BA195388D20070C39A /* InfoPlist.strings in Resources */,
			);
			runOnlyForDeploymentPostprocessing = 0;
		};
/* End PBXResourcesBuildPhase section */

/* Begin PBXShellScriptBuildPhase section */
		034163BA91A5AA2E3A95D38C /* [CP] Check Pods Manifest.lock */ = {
			isa = PBXShellScriptBuildPhase;
			buildActionMask = 2147483647;
			files = (
			);
			inputPaths = (
			);
			name = "[CP] Check Pods Manifest.lock";
			outputPaths = (
			);
			runOnlyForDeploymentPostprocessing = 0;
			shellPath = /bin/sh;
			shellScript = "diff \"${PODS_PODFILE_DIR_PATH}/Podfile.lock\" \"${PODS_ROOT}/Manifest.lock\" > /dev/null\nif [ $? != 0 ] ; then\n    # print error to STDERR\n    echo \"error: The sandbox is not in sync with the Podfile.lock. Run 'pod install' or update your CocoaPods installation.\" >&2\n    exit 1\nfi\n";
			showEnvVarsInLog = 0;
		};
		2CBA7C734E95F9B91014E808 /* [CP] Copy Pods Resources */ = {
			isa = PBXShellScriptBuildPhase;
			buildActionMask = 2147483647;
			files = (
			);
			inputPaths = (
			);
			name = "[CP] Copy Pods Resources";
			outputPaths = (
			);
			runOnlyForDeploymentPostprocessing = 0;
			shellPath = /bin/sh;
			shellScript = "\"${SRCROOT}/Pods/Target Support Files/Pods-LRTSSQliteManager_Tests/Pods-LRTSSQliteManager_Tests-resources.sh\"\n";
			showEnvVarsInLog = 0;
		};
		493D0CF97B6A148D2803BDB5 /* [CP] Embed Pods Frameworks */ = {
			isa = PBXShellScriptBuildPhase;
			buildActionMask = 2147483647;
			files = (
			);
			inputPaths = (
			);
			name = "[CP] Embed Pods Frameworks";
			outputPaths = (
			);
			runOnlyForDeploymentPostprocessing = 0;
			shellPath = /bin/sh;
			shellScript = "\"${SRCROOT}/Pods/Target Support Files/Pods-LRTSSQliteManager_Tests/Pods-LRTSSQliteManager_Tests-frameworks.sh\"\n";
			showEnvVarsInLog = 0;
		};
		70B228E58D2F1A234CD7EE85 /* [CP] Check Pods Manifest.lock */ = {
			isa = PBXShellScriptBuildPhase;
			buildActionMask = 2147483647;
			files = (
			);
			inputPaths = (
			);
			name = "[CP] Check Pods Manifest.lock";
			outputPaths = (
			);
			runOnlyForDeploymentPostprocessing = 0;
			shellPath = /bin/sh;
			shellScript = "diff \"${PODS_PODFILE_DIR_PATH}/Podfile.lock\" \"${PODS_ROOT}/Manifest.lock\" > /dev/null\nif [ $? != 0 ] ; then\n    # print error to STDERR\n    echo \"error: The sandbox is not in sync with the Podfile.lock. Run 'pod install' or update your CocoaPods installation.\" >&2\n    exit 1\nfi\n";
			showEnvVarsInLog = 0;
		};
		784F8A88FF6D0468A845F2B0 /* [CP] Embed Pods Frameworks */ = {
			isa = PBXShellScriptBuildPhase;
			buildActionMask = 2147483647;
			files = (
			);
			inputPaths = (
			);
			name = "[CP] Embed Pods Frameworks";
			outputPaths = (
			);
			runOnlyForDeploymentPostprocessing = 0;
			shellPath = /bin/sh;
			shellScript = "\"${SRCROOT}/Pods/Target Support Files/Pods-LRTSSQliteManager_Example/Pods-LRTSSQliteManager_Example-frameworks.sh\"\n";
			showEnvVarsInLog = 0;
		};
		C8031ED9179836675B720625 /* [CP] Copy Pods Resources */ = {
			isa = PBXShellScriptBuildPhase;
			buildActionMask = 2147483647;
			files = (
			);
			inputPaths = (
			);
			name = "[CP] Copy Pods Resources";
			outputPaths = (
			);
			runOnlyForDeploymentPostprocessing = 0;
			shellPath = /bin/sh;
			shellScript = "\"${SRCROOT}/Pods/Target Support Files/Pods-LRTSSQliteManager_Example/Pods-LRTSSQliteManager_Example-resources.sh\"\n";
			showEnvVarsInLog = 0;
		};
/* End PBXShellScriptBuildPhase section */

/* Begin PBXSourcesBuildPhase section */
		6003F586195388D20070C39A /* Sources */ = {
			isa = PBXSourcesBuildPhase;
			buildActionMask = 2147483647;
			files = (
				16290E1E1FC7C70800DC4F1E /* LRTSDBInsertOrReplaceOperation.mm in Sources */,
				1683146F1FB145DD00462AC3 /* BookDetail.mm in Sources */,
				1683146B1FB143B500462AC3 /* LRTSAppDelegate.mm in Sources */,
				1683146C1FB143B500462AC3 /* LRTSViewController.mm in Sources */,
				16290E211FC7C71C00DC4F1E /* LRTSDeleteOperation.mm in Sources */,
				1683146D1FB143B500462AC3 /* main.m in Sources */,
				16E7DB221FC66F6A00ADC288 /* LRTSDBMaker.m in Sources */,
				167F69701FC0281C00D04D46 /* LRTSBookDetailViewController.m in Sources */,
				168BA7381FB9936000B18E5D /* Book.mm in Sources */,
				16290E241FC7C73100DC4F1E /* LRTSSelectOperation.mm in Sources */,
				16290E1A1FC7C65C00DC4F1E /* LRTSDBOperation.mm in Sources */,
				1683146E1FB143B500462AC3 /* Tests.m in Sources */,
				160874E61FBBE83E00F9857F /* LRTSTestViewController.mm in Sources */,
				16E7DB361FC6AD5F00ADC288 /* LRTSDBManager.mm in Sources */,
			);
			runOnlyForDeploymentPostprocessing = 0;
		};
		6003F5AA195388D20070C39A /* Sources */ = {
			isa = PBXSourcesBuildPhase;
			buildActionMask = 2147483647;
			files = (
				6003F5BC195388D20070C39A /* Tests.m in Sources */,
			);
			runOnlyForDeploymentPostprocessing = 0;
		};
/* End PBXSourcesBuildPhase section */

/* Begin PBXTargetDependency section */
		6003F5B4195388D20070C39A /* PBXTargetDependency */ = {
			isa = PBXTargetDependency;
			target = 6003F589195388D20070C39A /* LRTSSQliteManager_Example */;
			targetProxy = 6003F5B3195388D20070C39A /* PBXContainerItemProxy */;
		};
/* End PBXTargetDependency section */

/* Begin PBXVariantGroup section */
		6003F596195388D20070C39A /* InfoPlist.strings */ = {
			isa = PBXVariantGroup;
			children = (
				6003F597195388D20070C39A /* en */,
			);
			name = InfoPlist.strings;
			sourceTree = "<group>";
		};
		6003F5B8195388D20070C39A /* InfoPlist.strings */ = {
			isa = PBXVariantGroup;
			children = (
				6003F5B9195388D20070C39A /* en */,
			);
			name = InfoPlist.strings;
			sourceTree = "<group>";
		};
		71719F9D1E33DC2100824A3D /* LaunchScreen.storyboard */ = {
			isa = PBXVariantGroup;
			children = (
				71719F9E1E33DC2100824A3D /* Base */,
			);
			name = LaunchScreen.storyboard;
			sourceTree = "<group>";
		};
/* End PBXVariantGroup section */

/* Begin XCBuildConfiguration section */
		6003F5BD195388D20070C39A /* Debug */ = {
			isa = XCBuildConfiguration;
			buildSettings = {
				ALWAYS_SEARCH_USER_PATHS = NO;
				CLANG_CXX_LANGUAGE_STANDARD = "gnu++0x";
				CLANG_CXX_LIBRARY = "libc++";
				CLANG_ENABLE_MODULES = YES;
				CLANG_ENABLE_OBJC_ARC = YES;
				CLANG_WARN_BOOL_CONVERSION = YES;
				CLANG_WARN_CONSTANT_CONVERSION = YES;
				CLANG_WARN_DIRECT_OBJC_ISA_USAGE = YES_ERROR;
				CLANG_WARN_EMPTY_BODY = YES;
				CLANG_WARN_ENUM_CONVERSION = YES;
				CLANG_WARN_INT_CONVERSION = YES;
				CLANG_WARN_OBJC_ROOT_CLASS = YES_ERROR;
				CLANG_WARN__DUPLICATE_METHOD_MATCH = YES;
				"CODE_SIGN_IDENTITY[sdk=iphoneos*]" = "iPhone Developer";
				COPY_PHASE_STRIP = NO;
				ENABLE_TESTABILITY = YES;
				GCC_C_LANGUAGE_STANDARD = gnu99;
				GCC_DYNAMIC_NO_PIC = NO;
				GCC_OPTIMIZATION_LEVEL = 0;
				GCC_PREPROCESSOR_DEFINITIONS = (
					"DEBUG=1",
					"$(inherited)",
				);
				GCC_SYMBOLS_PRIVATE_EXTERN = NO;
				GCC_WARN_64_TO_32_BIT_CONVERSION = YES;
				GCC_WARN_ABOUT_RETURN_TYPE = YES_ERROR;
				GCC_WARN_UNDECLARED_SELECTOR = YES;
				GCC_WARN_UNINITIALIZED_AUTOS = YES_AGGRESSIVE;
				GCC_WARN_UNUSED_FUNCTION = YES;
				GCC_WARN_UNUSED_VARIABLE = YES;
				IPHONEOS_DEPLOYMENT_TARGET = 9.3;
				ONLY_ACTIVE_ARCH = YES;
				SDKROOT = iphoneos;
				TARGETED_DEVICE_FAMILY = "1,2";
			};
			name = Debug;
		};
		6003F5BE195388D20070C39A /* Release */ = {
			isa = XCBuildConfiguration;
			buildSettings = {
				ALWAYS_SEARCH_USER_PATHS = NO;
				CLANG_CXX_LANGUAGE_STANDARD = "gnu++0x";
				CLANG_CXX_LIBRARY = "libc++";
				CLANG_ENABLE_MODULES = YES;
				CLANG_ENABLE_OBJC_ARC = YES;
				CLANG_WARN_BOOL_CONVERSION = YES;
				CLANG_WARN_CONSTANT_CONVERSION = YES;
				CLANG_WARN_DIRECT_OBJC_ISA_USAGE = YES_ERROR;
				CLANG_WARN_EMPTY_BODY = YES;
				CLANG_WARN_ENUM_CONVERSION = YES;
				CLANG_WARN_INT_CONVERSION = YES;
				CLANG_WARN_OBJC_ROOT_CLASS = YES_ERROR;
				CLANG_WARN__DUPLICATE_METHOD_MATCH = YES;
				"CODE_SIGN_IDENTITY[sdk=iphoneos*]" = "iPhone Developer";
				COPY_PHASE_STRIP = YES;
				ENABLE_NS_ASSERTIONS = NO;
				GCC_C_LANGUAGE_STANDARD = gnu99;
				GCC_WARN_64_TO_32_BIT_CONVERSION = YES;
				GCC_WARN_ABOUT_RETURN_TYPE = YES_ERROR;
				GCC_WARN_UNDECLARED_SELECTOR = YES;
				GCC_WARN_UNINITIALIZED_AUTOS = YES_AGGRESSIVE;
				GCC_WARN_UNUSED_FUNCTION = YES;
				GCC_WARN_UNUSED_VARIABLE = YES;
				IPHONEOS_DEPLOYMENT_TARGET = 9.3;
				SDKROOT = iphoneos;
				TARGETED_DEVICE_FAMILY = "1,2";
				VALIDATE_PRODUCT = YES;
			};
			name = Release;
		};
		6003F5C0195388D20070C39A /* Debug */ = {
			isa = XCBuildConfiguration;
			baseConfigurationReference = 027FB7856D09E42E78AF2047 /* Pods-LRTSSQliteManager_Example.debug.xcconfig */;
			buildSettings = {
				ASSETCATALOG_COMPILER_APPICON_NAME = AppIcon;
				"CODE_SIGN_IDENTITY[sdk=iphoneos*]" = "iPhone Developer";
				CODE_SIGN_STYLE = Automatic;
				DEVELOPMENT_TEAM = X6A5MJ79T7;
				GCC_PRECOMPILE_PREFIX_HEADER = YES;
				GCC_PREFIX_HEADER = "LRTSSQliteManager/LRTSSQliteManager-Prefix.pch";
				INFOPLIST_FILE = "LRTSSQliteManager/LRTSSQliteManager-Info.plist";
				MODULE_NAME = ExampleApp;
				PRODUCT_BUNDLE_IDENTIFIER = "org.cocoapods.demo.${PRODUCT_NAME:rfc1034identifier}";
				PRODUCT_NAME = "$(TARGET_NAME)";
				PROVISIONING_PROFILE_SPECIFIER = "";
				WRAPPER_EXTENSION = app;
			};
			name = Debug;
		};
		6003F5C1195388D20070C39A /* Release */ = {
			isa = XCBuildConfiguration;
			baseConfigurationReference = 63D116F0C4B18D764005D93F /* Pods-LRTSSQliteManager_Example.release.xcconfig */;
			buildSettings = {
				ASSETCATALOG_COMPILER_APPICON_NAME = AppIcon;
				"CODE_SIGN_IDENTITY[sdk=iphoneos*]" = "iPhone Developer";
				CODE_SIGN_STYLE = Automatic;
				DEVELOPMENT_TEAM = X6A5MJ79T7;
				GCC_PRECOMPILE_PREFIX_HEADER = YES;
				GCC_PREFIX_HEADER = "LRTSSQliteManager/LRTSSQliteManager-Prefix.pch";
				INFOPLIST_FILE = "LRTSSQliteManager/LRTSSQliteManager-Info.plist";
				MODULE_NAME = ExampleApp;
				PRODUCT_BUNDLE_IDENTIFIER = "org.cocoapods.demo.${PRODUCT_NAME:rfc1034identifier}";
				PRODUCT_NAME = "$(TARGET_NAME)";
				PROVISIONING_PROFILE_SPECIFIER = "";
				WRAPPER_EXTENSION = app;
			};
			name = Release;
		};
		6003F5C3195388D20070C39A /* Debug */ = {
			isa = XCBuildConfiguration;
			baseConfigurationReference = D6BAD8A2EC5CE3A913ED85A4 /* Pods-LRTSSQliteManager_Tests.debug.xcconfig */;
			buildSettings = {
				BUNDLE_LOADER = "$(TEST_HOST)";
				FRAMEWORK_SEARCH_PATHS = (
					"$(SDKROOT)/Developer/Library/Frameworks",
					"$(inherited)",
					"$(DEVELOPER_FRAMEWORKS_DIR)",
				);
				GCC_PRECOMPILE_PREFIX_HEADER = YES;
				GCC_PREFIX_HEADER = "Tests/Tests-Prefix.pch";
				GCC_PREPROCESSOR_DEFINITIONS = (
					"DEBUG=1",
					"$(inherited)",
				);
				INFOPLIST_FILE = "Tests/Tests-Info.plist";
				PRODUCT_BUNDLE_IDENTIFIER = "org.cocoapods.demo.${PRODUCT_NAME:rfc1034identifier}";
				PRODUCT_NAME = "$(TARGET_NAME)";
				TEST_HOST = "$(BUILT_PRODUCTS_DIR)/LRTSSQliteManager_Example.app/LRTSSQliteManager_Example";
				WRAPPER_EXTENSION = xctest;
			};
			name = Debug;
		};
		6003F5C4195388D20070C39A /* Release */ = {
			isa = XCBuildConfiguration;
			baseConfigurationReference = 08FCADABC0B3EB1CC07F5F28 /* Pods-LRTSSQliteManager_Tests.release.xcconfig */;
			buildSettings = {
				BUNDLE_LOADER = "$(TEST_HOST)";
				FRAMEWORK_SEARCH_PATHS = (
					"$(SDKROOT)/Developer/Library/Frameworks",
					"$(inherited)",
					"$(DEVELOPER_FRAMEWORKS_DIR)",
				);
				GCC_PRECOMPILE_PREFIX_HEADER = YES;
				GCC_PREFIX_HEADER = "Tests/Tests-Prefix.pch";
				INFOPLIST_FILE = "Tests/Tests-Info.plist";
				PRODUCT_BUNDLE_IDENTIFIER = "org.cocoapods.demo.${PRODUCT_NAME:rfc1034identifier}";
				PRODUCT_NAME = "$(TARGET_NAME)";
				TEST_HOST = "$(BUILT_PRODUCTS_DIR)/LRTSSQliteManager_Example.app/LRTSSQliteManager_Example";
				WRAPPER_EXTENSION = xctest;
			};
			name = Release;
		};
/* End XCBuildConfiguration section */

/* Begin XCConfigurationList section */
		6003F585195388D10070C39A /* Build configuration list for PBXProject "LRTSSQliteManager" */ = {
			isa = XCConfigurationList;
			buildConfigurations = (
				6003F5BD195388D20070C39A /* Debug */,
				6003F5BE195388D20070C39A /* Release */,
			);
			defaultConfigurationIsVisible = 0;
			defaultConfigurationName = Release;
		};
		6003F5BF195388D20070C39A /* Build configuration list for PBXNativeTarget "LRTSSQliteManager_Example" */ = {
			isa = XCConfigurationList;
			buildConfigurations = (
				6003F5C0195388D20070C39A /* Debug */,
				6003F5C1195388D20070C39A /* Release */,
			);
			defaultConfigurationIsVisible = 0;
			defaultConfigurationName = Release;
		};
		6003F5C2195388D20070C39A /* Build configuration list for PBXNativeTarget "LRTSSQliteManager_Tests" */ = {
			isa = XCConfigurationList;
			buildConfigurations = (
				6003F5C3195388D20070C39A /* Debug */,
				6003F5C4195388D20070C39A /* Release */,
			);
			defaultConfigurationIsVisible = 0;
			defaultConfigurationName = Release;
		};
/* End XCConfigurationList section */
	};
	rootObject = 6003F582195388D10070C39A /* Project object */;
}
